# THIS IS AN AUTOGENERATED FILE. DO NOT EDIT THIS FILE DIRECTLY.
# yarn lockfile v1


"@youwol/dataframe@^0.1.0":
  version "0.1.0"
  resolved "https://registry.yarnpkg.com/@youwol/dataframe/-/dataframe-0.1.0.tgz#b32382ad2fb22c6234956eb495df2051c59158a1"
  integrity sha512-wxtVV2aocLWTurRYauTDd6RYmpBPapccgGJRjWtUJnrp+gff6O4MgwPhFcTN72SMiMWX8dfB5gHF0Rsx5nxLkg==

"@youwol/math@^0.1.0":
  version "0.1.0"
  resolved "https://registry.yarnpkg.com/@youwol/math/-/math-0.1.0.tgz#e44752bc0203195903d60b260129407e4c2ada4b"
  integrity sha512-FVsU9qhdaTJ2c3D0UILneowdBP88/Ck+jl1ybEoMonWoqvi/PFvQvzxNp9+gIe80BTfw2XnZ5IljAvI+ZJalqg==
  dependencies:
    "@youwol/dataframe" "^0.1.0"

commander@^12.0.0:
  version "12.0.0"
  resolved "https://registry.yarnpkg.com/commander/-/commander-12.0.0.tgz#b929db6df8546080adfd004ab215ed48cf6f2592"
  integrity sha512-MwVNWlYjDTtOjX5PiD7o5pK0UrFU/OYgcJfjjK4RaHZETNtjJqrZa9Y9ds88+A+f+d5lv+561eZ+yCKoS3gbAA==
