# THIS IS AN AUTOGENERATED FILE. DO NOT EDIT THIS FILE DIRECTLY.
# yarn lockfile v1


"@alfredo-taboada/stress@^0.1.0":
  version "0.0.4"
  resolved "https://registry.yarnpkg.com/@alfredo-taboada/stress/-/stress-0.0.4.tgz#80ef4f07a9c988507c127f4b6c45c43eec09bdd8"
  integrity sha512-NspeYbF9veo8lpF05GyUpa/eT1gTq3WqOBITLW5sQ/T5G4aVj57fv4lM7uVyr3YB2XNfdUcvLsij24SNzHgqWA==
  dependencies:
    "@youwol/dataframe" "^0.0.34"
    "@youwol/geometry" "^0.0.19"
    "@youwol/io" "^0.0.24"
    "@youwol/math" "^0.0.20"

"@youwol/dataframe@^0.0.34":
  version "0.0.34"
  resolved "https://registry.yarnpkg.com/@youwol/dataframe/-/dataframe-0.0.34.tgz#668ed5a75e8dd9ec85f9a56e3aff20c2078d6fd2"
  integrity sha512-o5Bhv+C6Aza+2J/leCxNMMBHYK6AU7EWslsUOX/dBZORZ1Uiae2DgFes8rUGeB38Zk3jAbPxfl31kBPpQXFvkg==

"@youwol/dataframe@^0.1.0":
  version "0.1.0"
  resolved "https://registry.yarnpkg.com/@youwol/dataframe/-/dataframe-0.1.0.tgz#b32382ad2fb22c6234956eb495df2051c59158a1"
  integrity sha512-wxtVV2aocLWTurRYauTDd6RYmpBPapccgGJRjWtUJnrp+gff6O4MgwPhFcTN72SMiMWX8dfB5gHF0Rsx5nxLkg==

"@youwol/geometry@^0.0.19":
  version "0.0.19"
  resolved "https://registry.yarnpkg.com/@youwol/geometry/-/geometry-0.0.19.tgz#71b983f37601c1d7cecadb2b1283d54a26cfd140"
  integrity sha512-x3t01w6XGlaXhATz4yfRU8L+I5KySSNfm5lNBOEitybi4kgrcgtJ0wOrgNHnSGsHepq23VG3QZjyWIw9HcFl+w==

"@youwol/io@0.0.20":
  version "0.0.20"
  resolved "https://registry.yarnpkg.com/@youwol/io/-/io-0.0.20.tgz#1101293674f39f3e2a9fe28124c9f0856442d8f8"
  integrity sha512-GJvQGoY0vN65gOYe+AcV79LsupaJc5tsoeXEcomwJtgsvB+FThyAzx+dane4+YBKSbK24CyURTbbkILbghC6EA==

"@youwol/io@^0.0.24":
  version "0.0.24"
  resolved "https://registry.yarnpkg.com/@youwol/io/-/io-0.0.24.tgz#5d0ccd8b0f71988853332f01c4c674e594c05120"
  integrity sha512-S47TviBgng45c/tBd8KKJP8ClgkwHWlgsrcy7+bd5+2D5SUTPGTFYRk+CPBt8Q4p5Y9LP+NbOA5PYWNpNaiArQ==
  dependencies:
    "@youwol/io" "0.0.20"

"@youwol/math@^0.0.20":
  version "0.0.20"
  resolved "https://registry.yarnpkg.com/@youwol/math/-/math-0.0.20.tgz#8ef086836722d66e7d2d42f2e43d5d199b4e0c17"
  integrity sha512-wbFC5Wuj7x5GLC42HnNilnVs9661zhFHZzGbVANVCCrAvCJNmdVEvigHZiMlX7NyRx3P8q1LjckXxIcPqKTtTw==

"@youwol/math@^0.1.0":
  version "0.1.0"
  resolved "https://registry.yarnpkg.com/@youwol/math/-/math-0.1.0.tgz#e44752bc0203195903d60b260129407e4c2ada4b"
  integrity sha512-FVsU9qhdaTJ2c3D0UILneowdBP88/Ck+jl1ybEoMonWoqvi/PFvQvzxNp9+gIe80BTfw2XnZ5IljAvI+ZJalqg==
  dependencies:
    "@youwol/dataframe" "^0.1.0"

commander@^12.0.0:
  version "12.0.0"
  resolved "https://registry.yarnpkg.com/commander/-/commander-12.0.0.tgz#b929db6df8546080adfd004ab215ed48cf6f2592"
  integrity sha512-MwVNWlYjDTtOjX5PiD7o5pK0UrFU/OYgcJfjjK4RaHZETNtjJqrZa9Y9ds88+A+f+d5lv+561eZ+yCKoS3gbAA==
